
Microsoft Visual Studio Solution File, Format Version 12.00
Project("{FAE04EC0-301F-11D3-BF4B-00C04F79EFBC}") = "UrlShortner.Domain", "src\UrlShortner.Domain\UrlShortner.Domain.csproj", "{726A250D-F034-4DAC-A02C-0573837BD7F4}"
EndProject
Project("{FAE04EC0-301F-11D3-BF4B-00C04F79EFBC}") = "UrlShortner.Application", "src\UrlShortner.Application\UrlShortner.Application.csproj", "{8A1B00C6-2B6D-4D57-BF77-B3247DFBC4ED}"
EndProject
Project("{FAE04EC0-301F-11D3-BF4B-00C04F79EFBC}") = "UrlShortner.Infrastructure", "src\UrlShortner.Infrastructure\UrlShortner.Infrastructure.csproj", "{44271FFC-527D-4D25-A911-B90D97F826B0}"
EndProject
Project("{FAE04EC0-301F-11D3-BF4B-00C04F79EFBC}") = "UrlShortner.Shared", "src\UrlShortner.Shared\UrlShortner.Shared.csproj", "{46338CF5-C5A8-44EE-9F46-54BB7D019904}"
EndProject
Project("{FAE04EC0-301F-11D3-BF4B-00C04F79EFBC}") = "UrlShortner.API", "src\UrlShortner.API\UrlShortner.API.csproj", "{B16D1E7B-7FE9-4EE1-AFBC-B7DC29B236C6}"
EndProject
Global
	GlobalSection(SolutionConfigurationPlatforms) = preSolution
		Debug|Any CPU = Debug|Any CPU
		Release|Any CPU = Release|Any CPU
	EndGlobalSection
	GlobalSection(ProjectConfigurationPlatforms) = postSolution
		{726A250D-F034-4DAC-A02C-0573837BD7F4}.Debug|Any CPU.ActiveCfg = Debug|Any CPU
		{726A250D-F034-4DAC-A02C-0573837BD7F4}.Debug|Any CPU.Build.0 = Debug|Any CPU
		{726A250D-F034-4DAC-A02C-0573837BD7F4}.Release|Any CPU.ActiveCfg = Release|Any CPU
		{726A250D-F034-4DAC-A02C-0573837BD7F4}.Release|Any CPU.Build.0 = Release|Any CPU
		{8A1B00C6-2B6D-4D57-BF77-B3247DFBC4ED}.Debug|Any CPU.ActiveCfg = Debug|Any CPU
		{8A1B00C6-2B6D-4D57-BF77-B3247DFBC4ED}.Debug|Any CPU.Build.0 = Debug|Any CPU
		{8A1B00C6-2B6D-4D57-BF77-B3247DFBC4ED}.Release|Any CPU.ActiveCfg = Release|Any CPU
		{8A1B00C6-2B6D-4D57-BF77-B3247DFBC4ED}.Release|Any CPU.Build.0 = Release|Any CPU
		{44271FFC-527D-4D25-A911-B90D97F826B0}.Debug|Any CPU.ActiveCfg = Debug|Any CPU
		{44271FFC-527D-4D25-A911-B90D97F826B0}.Debug|Any CPU.Build.0 = Debug|Any CPU
		{44271FFC-527D-4D25-A911-B90D97F826B0}.Release|Any CPU.ActiveCfg = Release|Any CPU
		{44271FFC-527D-4D25-A911-B90D97F826B0}.Release|Any CPU.Build.0 = Release|Any CPU
		{46338CF5-C5A8-44EE-9F46-54BB7D019904}.Debug|Any CPU.ActiveCfg = Debug|Any CPU
		{46338CF5-C5A8-44EE-9F46-54BB7D019904}.Debug|Any CPU.Build.0 = Debug|Any CPU
		{46338CF5-C5A8-44EE-9F46-54BB7D019904}.Release|Any CPU.ActiveCfg = Release|Any CPU
		{46338CF5-C5A8-44EE-9F46-54BB7D019904}.Release|Any CPU.Build.0 = Release|Any CPU
		{B16D1E7B-7FE9-4EE1-AFBC-B7DC29B236C6}.Debug|Any CPU.ActiveCfg = Debug|Any CPU
		{B16D1E7B-7FE9-4EE1-AFBC-B7DC29B236C6}.Debug|Any CPU.Build.0 = Debug|Any CPU
		{B16D1E7B-7FE9-4EE1-AFBC-B7DC29B236C6}.Release|Any CPU.ActiveCfg = Release|Any CPU
		{B16D1E7B-7FE9-4EE1-AFBC-B7DC29B236C6}.Release|Any CPU.Build.0 = Release|Any CPU
	EndGlobalSection
EndGlobal
