
Microsoft Visual Studio Solution File, Format Version 12.00
Project("{FAE04EC0-301F-11D3-BF4B-00C04F79EFBC}") = "UrlShortener.Api", "src\UrlShortener.Api\UrlShortener.Api.csproj", "{C95609CA-C19F-4B52-891E-B053FF70096E}"
EndProject
Project("{FAE04EC0-301F-11D3-BF4B-00C04F79EFBC}") = "UrlShortener.Domain", "src\UrlShortener.Domain\UrlShortener.Domain\UrlShortener.Domain.csproj", "{3557AB8C-C236-4570-8638-3E81F8DC0A01}"
EndProject
Project("{FAE04EC0-301F-11D3-BF4B-00C04F79EFBC}") = "UrlShortener.Application", "src\UrlShortener.Application\UrlShortener.Application\UrlShortener.Application.csproj", "{BBA7846E-7631-475A-A10C-71B39D3924BA}"
EndProject
Project("{FAE04EC0-301F-11D3-BF4B-00C04F79EFBC}") = "UrlShortener.Infrastructure", "src\UrlShortener.Infrastructure\UrlShortener.Infrastructure\UrlShortener.Infrastructure.csproj", "{C8C77AB2-044D-4B09-88E4-7C4895C8B382}"
EndProject
Project("{FAE04EC0-301F-11D3-BF4B-00C04F79EFBC}") = "UrlShortener.Shared", "src\UrlShortener.Shared\UrlShortener.Shared\UrlShortener.Shared.csproj", "{8F9EBE25-72D7-4296-A033-FE5F4DAAA8DD}"
EndProject
Global
	GlobalSection(SolutionConfigurationPlatforms) = preSolution
		Debug|Any CPU = Debug|Any CPU
		Release|Any CPU = Release|Any CPU
	EndGlobalSection
	GlobalSection(ProjectConfigurationPlatforms) = postSolution
		{C95609CA-C19F-4B52-891E-B053FF70096E}.Debug|Any CPU.ActiveCfg = Debug|Any CPU
		{C95609CA-C19F-4B52-891E-B053FF70096E}.Debug|Any CPU.Build.0 = Debug|Any CPU
		{C95609CA-C19F-4B52-891E-B053FF70096E}.Release|Any CPU.ActiveCfg = Release|Any CPU
		{C95609CA-C19F-4B52-891E-B053FF70096E}.Release|Any CPU.Build.0 = Release|Any CPU
		{3557AB8C-C236-4570-8638-3E81F8DC0A01}.Debug|Any CPU.ActiveCfg = Debug|Any CPU
		{3557AB8C-C236-4570-8638-3E81F8DC0A01}.Debug|Any CPU.Build.0 = Debug|Any CPU
		{3557AB8C-C236-4570-8638-3E81F8DC0A01}.Release|Any CPU.ActiveCfg = Release|Any CPU
		{3557AB8C-C236-4570-8638-3E81F8DC0A01}.Release|Any CPU.Build.0 = Release|Any CPU
		{BBA7846E-7631-475A-A10C-71B39D3924BA}.Debug|Any CPU.ActiveCfg = Debug|Any CPU
		{BBA7846E-7631-475A-A10C-71B39D3924BA}.Debug|Any CPU.Build.0 = Debug|Any CPU
		{BBA7846E-7631-475A-A10C-71B39D3924BA}.Release|Any CPU.ActiveCfg = Release|Any CPU
		{BBA7846E-7631-475A-A10C-71B39D3924BA}.Release|Any CPU.Build.0 = Release|Any CPU
		{C8C77AB2-044D-4B09-88E4-7C4895C8B382}.Debug|Any CPU.ActiveCfg = Debug|Any CPU
		{C8C77AB2-044D-4B09-88E4-7C4895C8B382}.Debug|Any CPU.Build.0 = Debug|Any CPU
		{C8C77AB2-044D-4B09-88E4-7C4895C8B382}.Release|Any CPU.ActiveCfg = Release|Any CPU
		{C8C77AB2-044D-4B09-88E4-7C4895C8B382}.Release|Any CPU.Build.0 = Release|Any CPU
		{8F9EBE25-72D7-4296-A033-FE5F4DAAA8DD}.Debug|Any CPU.ActiveCfg = Debug|Any CPU
		{8F9EBE25-72D7-4296-A033-FE5F4DAAA8DD}.Debug|Any CPU.Build.0 = Debug|Any CPU
		{8F9EBE25-72D7-4296-A033-FE5F4DAAA8DD}.Release|Any CPU.ActiveCfg = Release|Any CPU
		{8F9EBE25-72D7-4296-A033-FE5F4DAAA8DD}.Release|Any CPU.Build.0 = Release|Any CPU
	EndGlobalSection
EndGlobal
